
Microsoft Visual Studio Solution File, Format Version 12.00
# Visual Studio Version 17
VisualStudioVersion = 17.5.002.0
MinimumVisualStudioVersion = 10.0.40219.1
Project("{2150E333-8FDC-42A3-9474-1A3956D46DE8}") = "src", "src", "{CC7E4960-A3E3-4A16-A10E-6141C71A8F49}"
EndProject
Project("{9A19103F-16F7-4668-BE54-9A1E7A4F7556}") = "cli", "src\cli\cli.csproj", "{9F55C270-9CC8-4EEA-A995-F22D797482A8}"
EndProject
Project("{9A19103F-16F7-4668-BE54-9A1E7A4F7556}") = "client", "src\client\client.csproj", "{C90BDF07-431A-40EC-B80F-53F5EA7C9FE3}"
EndProject
Project("{9A19103F-16F7-4668-BE54-9A1E7A4F7556}") = "common", "src\common\common.csproj", "{96427454-63DE-4B5C-BCE3-D5D24D212A5D}"
EndProject
Project("{9A19103F-16F7-4668-BE54-9A1E7A4F7556}") = "formats", "src\formats\formats.csproj", "{F97B4A39-007C-4F47-BD48-10CE84D70C7F}"
EndProject
Project("{9A19103F-16F7-4668-BE54-9A1E7A4F7556}") = "interop", "src\interop\interop.csproj", "{57B8CAA9-2F69-490D-B3BA-647B060A69CE}"
EndProject
Project("{9A19103F-16F7-4668-BE54-9A1E7A4F7556}") = "net", "src\net\net.csproj", "{172D6325-03B0-4D62-A50D-65CAA46A3755}"
EndProject
Project("{9A19103F-16F7-4668-BE54-9A1E7A4F7556}") = "trimming", "src\trimming\trimming.csproj", "{B2B8D0E3-D5AC-4700-925A-29EE518C7FC0}"
EndProject
Project("{2150E333-8FDC-42A3-9474-1A3956D46DE8}") = "tools", "tools", "{5573D0AA-12EE-4212-8A34-A6D3DB606543}"
EndProject
Project("{9A19103F-16F7-4668-BE54-9A1E7A4F7556}") = "dc", "src\tools\dc\dc.csproj", "{5C6933A7-7D11-43BC-886A-5CCF1DE6ACE9}"
EndProject
Project("{9A19103F-16F7-4668-BE54-9A1E7A4F7556}") = "gpk", "src\tools\gpk\gpk.csproj", "{1CC4BA31-9C20-4840-9650-6E94E687C4AB}"
EndProject
Project("{9A19103F-16F7-4668-BE54-9A1E7A4F7556}") = "rc", "src\tools\rc\rc.csproj", "{B5DDEBAF-0DE6-4C5A-A614-5C078103832D}"
EndProject
Global
	GlobalSection(SolutionConfigurationPlatforms) = preSolution
		Debug|Any CPU = Debug|Any CPU
		Release|Any CPU = Release|Any CPU
	EndGlobalSection
	GlobalSection(ProjectConfigurationPlatforms) = postSolution
		{9F55C270-9CC8-4EEA-A995-F22D797482A8}.Debug|Any CPU.ActiveCfg = Debug|Any CPU
		{9F55C270-9CC8-4EEA-A995-F22D797482A8}.Debug|Any CPU.Build.0 = Debug|Any CPU
		{9F55C270-9CC8-4EEA-A995-F22D797482A8}.Release|Any CPU.ActiveCfg = Release|Any CPU
		{9F55C270-9CC8-4EEA-A995-F22D797482A8}.Release|Any CPU.Build.0 = Release|Any CPU
		{C90BDF07-431A-40EC-B80F-53F5EA7C9FE3}.Debug|Any CPU.ActiveCfg = Debug|Any CPU
		{C90BDF07-431A-40EC-B80F-53F5EA7C9FE3}.Debug|Any CPU.Build.0 = Debug|Any CPU
		{C90BDF07-431A-40EC-B80F-53F5EA7C9FE3}.Release|Any CPU.ActiveCfg = Release|Any CPU
		{C90BDF07-431A-40EC-B80F-53F5EA7C9FE3}.Release|Any CPU.Build.0 = Release|Any CPU
		{96427454-63DE-4B5C-BCE3-D5D24D212A5D}.Debug|Any CPU.ActiveCfg = Debug|Any CPU
		{96427454-63DE-4B5C-BCE3-D5D24D212A5D}.Debug|Any CPU.Build.0 = Debug|Any CPU
		{96427454-63DE-4B5C-BCE3-D5D24D212A5D}.Release|Any CPU.ActiveCfg = Release|Any CPU
		{96427454-63DE-4B5C-BCE3-D5D24D212A5D}.Release|Any CPU.Build.0 = Release|Any CPU
		{F97B4A39-007C-4F47-BD48-10CE84D70C7F}.Debug|Any CPU.ActiveCfg = Debug|Any CPU
		{F97B4A39-007C-4F47-BD48-10CE84D70C7F}.Debug|Any CPU.Build.0 = Debug|Any CPU
		{F97B4A39-007C-4F47-BD48-10CE84D70C7F}.Release|Any CPU.ActiveCfg = Release|Any CPU
		{F97B4A39-007C-4F47-BD48-10CE84D70C7F}.Release|Any CPU.Build.0 = Release|Any CPU
		{57B8CAA9-2F69-490D-B3BA-647B060A69CE}.Debug|Any CPU.ActiveCfg = Debug|Any CPU
		{57B8CAA9-2F69-490D-B3BA-647B060A69CE}.Debug|Any CPU.Build.0 = Debug|Any CPU
		{57B8CAA9-2F69-490D-B3BA-647B060A69CE}.Release|Any CPU.ActiveCfg = Release|Any CPU
		{57B8CAA9-2F69-490D-B3BA-647B060A69CE}.Release|Any CPU.Build.0 = Release|Any CPU
		{172D6325-03B0-4D62-A50D-65CAA46A3755}.Debug|Any CPU.ActiveCfg = Debug|Any CPU
		{172D6325-03B0-4D62-A50D-65CAA46A3755}.Debug|Any CPU.Build.0 = Debug|Any CPU
		{172D6325-03B0-4D62-A50D-65CAA46A3755}.Release|Any CPU.ActiveCfg = Release|Any CPU
		{172D6325-03B0-4D62-A50D-65CAA46A3755}.Release|Any CPU.Build.0 = Release|Any CPU
		{B2B8D0E3-D5AC-4700-925A-29EE518C7FC0}.Debug|Any CPU.ActiveCfg = Debug|Any CPU
		{B2B8D0E3-D5AC-4700-925A-29EE518C7FC0}.Debug|Any CPU.Build.0 = Debug|Any CPU
		{B2B8D0E3-D5AC-4700-925A-29EE518C7FC0}.Release|Any CPU.ActiveCfg = Release|Any CPU
		{B2B8D0E3-D5AC-4700-925A-29EE518C7FC0}.Release|Any CPU.Build.0 = Release|Any CPU
		{5C6933A7-7D11-43BC-886A-5CCF1DE6ACE9}.Debug|Any CPU.ActiveCfg = Debug|Any CPU
		{5C6933A7-7D11-43BC-886A-5CCF1DE6ACE9}.Debug|Any CPU.Build.0 = Debug|Any CPU
		{5C6933A7-7D11-43BC-886A-5CCF1DE6ACE9}.Release|Any CPU.ActiveCfg = Release|Any CPU
		{5C6933A7-7D11-43BC-886A-5CCF1DE6ACE9}.Release|Any CPU.Build.0 = Release|Any CPU
		{1CC4BA31-9C20-4840-9650-6E94E687C4AB}.Debug|Any CPU.ActiveCfg = Debug|Any CPU
		{1CC4BA31-9C20-4840-9650-6E94E687C4AB}.Debug|Any CPU.Build.0 = Debug|Any CPU
		{1CC4BA31-9C20-4840-9650-6E94E687C4AB}.Release|Any CPU.ActiveCfg = Release|Any CPU
		{1CC4BA31-9C20-4840-9650-6E94E687C4AB}.Release|Any CPU.Build.0 = Release|Any CPU
		{B5DDEBAF-0DE6-4C5A-A614-5C078103832D}.Debug|Any CPU.ActiveCfg = Debug|Any CPU
		{B5DDEBAF-0DE6-4C5A-A614-5C078103832D}.Debug|Any CPU.Build.0 = Debug|Any CPU
		{B5DDEBAF-0DE6-4C5A-A614-5C078103832D}.Release|Any CPU.ActiveCfg = Release|Any CPU
		{B5DDEBAF-0DE6-4C5A-A614-5C078103832D}.Release|Any CPU.Build.0 = Release|Any CPU
	EndGlobalSection
	GlobalSection(SolutionProperties) = preSolution
		HideSolutionNode = FALSE
	EndGlobalSection
	GlobalSection(NestedProjects) = preSolution
		{9F55C270-9CC8-4EEA-A995-F22D797482A8} = {CC7E4960-A3E3-4A16-A10E-6141C71A8F49}
		{C90BDF07-431A-40EC-B80F-53F5EA7C9FE3} = {CC7E4960-A3E3-4A16-A10E-6141C71A8F49}
		{96427454-63DE-4B5C-BCE3-D5D24D212A5D} = {CC7E4960-A3E3-4A16-A10E-6141C71A8F49}
		{F97B4A39-007C-4F47-BD48-10CE84D70C7F} = {CC7E4960-A3E3-4A16-A10E-6141C71A8F49}
		{57B8CAA9-2F69-490D-B3BA-647B060A69CE} = {CC7E4960-A3E3-4A16-A10E-6141C71A8F49}
		{172D6325-03B0-4D62-A50D-65CAA46A3755} = {CC7E4960-A3E3-4A16-A10E-6141C71A8F49}
		{B2B8D0E3-D5AC-4700-925A-29EE518C7FC0} = {CC7E4960-A3E3-4A16-A10E-6141C71A8F49}
		{5573D0AA-12EE-4212-8A34-A6D3DB606543} = {CC7E4960-A3E3-4A16-A10E-6141C71A8F49}
		{5C6933A7-7D11-43BC-886A-5CCF1DE6ACE9} = {5573D0AA-12EE-4212-8A34-A6D3DB606543}
		{1CC4BA31-9C20-4840-9650-6E94E687C4AB} = {5573D0AA-12EE-4212-8A34-A6D3DB606543}
		{B5DDEBAF-0DE6-4C5A-A614-5C078103832D} = {5573D0AA-12EE-4212-8A34-A6D3DB606543}
	EndGlobalSection
	GlobalSection(ExtensibilityGlobals) = postSolution
		SolutionGuid = {D017E139-AE11-4460-8A45-EBEBF935F43F}
	EndGlobalSection
EndGlobal
